// !$*UTF8*$!
{
	archiveVersion = 1;
	classes = {
	};
	objectVersion = 56;
	objects = {

/* Begin PBXBuildFile section */
		9FF9080928C3E2D700E5EA51 /* Endless_Multi_WordleApp.swift in Sources */ = {isa = PBXBuildFile; fileRef = 9FF9080828C3E2D700E5EA51 /* Endless_Multi_WordleApp.swift */; };
		9FF9080B28C3E2D700E5EA51 /* ContentView.swift in Sources */ = {isa = PBXBuildFile; fileRef = 9FF9080A28C3E2D700E5EA51 /* ContentView.swift */; };
		9FF9080D28C3E2D800E5EA51 /* Assets.xcassets in Resources */ = {isa = PBXBuildFile; fileRef = 9FF9080C28C3E2D800E5EA51 /* Assets.xcassets */; };
		9FF9081028C3E2D800E5EA51 /* Preview Assets.xcassets in Resources */ = {isa = PBXBuildFile; fileRef = 9FF9080F28C3E2D800E5EA51 /* Preview Assets.xcassets */; };
		9FF9081F28C3E38000E5EA51 /* EightLetterWords.swift in Sources */ = {isa = PBXBuildFile; fileRef = 9FF9081E28C3E38000E5EA51 /* EightLetterWords.swift */; };
		9FF9082128C3E39800E5EA51 /* SevenLetterWords.swift in Sources */ = {isa = PBXBuildFile; fileRef = 9FF9082028C3E39800E5EA51 /* SevenLetterWords.swift */; };
		9FF9082328C3E3B300E5EA51 /* SixLetterWords.swift in Sources */ = {isa = PBXBuildFile; fileRef = 9FF9082228C3E3B300E5EA51 /* SixLetterWords.swift */; };
		9FF9082528C3E3D200E5EA51 /* FiveLetterWords.swift in Sources */ = {isa = PBXBuildFile; fileRef = 9FF9082428C3E3D200E5EA51 /* FiveLetterWords.swift */; };
		9FF9082728C3E3E200E5EA51 /* KeyboardLetters.swift in Sources */ = {isa = PBXBuildFile; fileRef = 9FF9082628C3E3E100E5EA51 /* KeyboardLetters.swift */; };
		9FF9082928C3E40F00E5EA51 /* Round.swift in Sources */ = {isa = PBXBuildFile; fileRef = 9FF9082828C3E40F00E5EA51 /* Round.swift */; };
		9FF9082B28C3E42C00E5EA51 /* GameManager.swift in Sources */ = {isa = PBXBuildFile; fileRef = 9FF9082A28C3E42C00E5EA51 /* GameManager.swift */; };
		9FF9082D28C3E43700E5EA51 /* AppManager.swift in Sources */ = {isa = PBXBuildFile; fileRef = 9FF9082C28C3E43700E5EA51 /* AppManager.swift */; };
		9FF9082F28C3E47D00E5EA51 /* OnboardingView.swift in Sources */ = {isa = PBXBuildFile; fileRef = 9FF9082E28C3E47D00E5EA51 /* OnboardingView.swift */; };
		9FF9083328C3E4B600E5EA51 /* EndRoundButtons.swift in Sources */ = {isa = PBXBuildFile; fileRef = 9FF9083228C3E4B600E5EA51 /* EndRoundButtons.swift */; };
		9FF9083528C3E4C300E5EA51 /* ResultsView.swift in Sources */ = {isa = PBXBuildFile; fileRef = 9FF9083428C3E4C300E5EA51 /* ResultsView.swift */; };
		9FF9083728C3E4D800E5EA51 /* RoundResultsSheet.swift in Sources */ = {isa = PBXBuildFile; fileRef = 9FF9083628C3E4D800E5EA51 /* RoundResultsSheet.swift */; };
		9FF9083928C3E4ED00E5EA51 /* PuzzleGrid.swift in Sources */ = {isa = PBXBuildFile; fileRef = 9FF9083828C3E4ED00E5EA51 /* PuzzleGrid.swift */; };
		9FF9083B28C3E4FB00E5EA51 /* PuzzleLetter.swift in Sources */ = {isa = PBXBuildFile; fileRef = 9FF9083A28C3E4FB00E5EA51 /* PuzzleLetter.swift */; };
		9FF9083D28C3E50900E5EA51 /* PuzzleRow.swift in Sources */ = {isa = PBXBuildFile; fileRef = 9FF9083C28C3E50900E5EA51 /* PuzzleRow.swift */; };
		9FF9083F28C3E54200E5EA51 /* CustomKeyboard.swift in Sources */ = {isa = PBXBuildFile; fileRef = 9FF9083E28C3E54200E5EA51 /* CustomKeyboard.swift */; };
		9FF9084128C3E54F00E5EA51 /* KeyboardDelete.swift in Sources */ = {isa = PBXBuildFile; fileRef = 9FF9084028C3E54F00E5EA51 /* KeyboardDelete.swift */; };
		9FF9084328C3E55F00E5EA51 /* KeyboardEnter.swift in Sources */ = {isa = PBXBuildFile; fileRef = 9FF9084228C3E55F00E5EA51 /* KeyboardEnter.swift */; };
		9FF9084528C3E56D00E5EA51 /* KeyboardLetter.swift in Sources */ = {isa = PBXBuildFile; fileRef = 9FF9084428C3E56D00E5EA51 /* KeyboardLetter.swift */; };
		9FF9084728C3E59700E5EA51 /* ThemingExtensions.swift in Sources */ = {isa = PBXBuildFile; fileRef = 9FF9084628C3E59700E5EA51 /* ThemingExtensions.swift */; };
		9FF9084928C3E5AE00E5EA51 /* SettingsSheet.swift in Sources */ = {isa = PBXBuildFile; fileRef = 9FF9084828C3E5AE00E5EA51 /* SettingsSheet.swift */; };
		9FF9084B28C3E5BC00E5EA51 /* AboutView.swift in Sources */ = {isa = PBXBuildFile; fileRef = 9FF9084A28C3E5BC00E5EA51 /* AboutView.swift */; };
		9FF9084D28C3E5C800E5EA51 /* ProfileView.swift in Sources */ = {isa = PBXBuildFile; fileRef = 9FF9084C28C3E5C800E5EA51 /* ProfileView.swift */; };
		9FF9084F28C3E5D700E5EA51 /* StatsView.swift in Sources */ = {isa = PBXBuildFile; fileRef = 9FF9084E28C3E5D700E5EA51 /* StatsView.swift */; };
/* End PBXBuildFile section */

/* Begin PBXFileReference section */
		9FF9080528C3E2D700E5EA51 /* Endless Multi Wordle.app */ = {isa = PBXFileReference; explicitFileType = wrapper.application; includeInIndex = 0; path = "Endless Multi Wordle.app"; sourceTree = BUILT_PRODUCTS_DIR; };
		9FF9080828C3E2D700E5EA51 /* Endless_Multi_WordleApp.swift */ = {isa = PBXFileReference; lastKnownFileType = sourcecode.swift; path = Endless_Multi_WordleApp.swift; sourceTree = "<group>"; };
		9FF9080A28C3E2D700E5EA51 /* ContentView.swift */ = {isa = PBXFileReference; lastKnownFileType = sourcecode.swift; path = ContentView.swift; sourceTree = "<group>"; };
		9FF9080C28C3E2D800E5EA51 /* Assets.xcassets */ = {isa = PBXFileReference; lastKnownFileType = folder.assetcatalog; path = Assets.xcassets; sourceTree = "<group>"; };
		9FF9080F28C3E2D800E5EA51 /* Preview Assets.xcassets */ = {isa = PBXFileReference; lastKnownFileType = folder.assetcatalog; path = "Preview Assets.xcassets"; sourceTree = "<group>"; };
		9FF9081628C3E2EA00E5EA51 /* Endless Multi Wordle.md */ = {isa = PBXFileReference; lastKnownFileType = net.daringfireball.markdown; path = "Endless Multi Wordle.md"; sourceTree = SOURCE_ROOT; };
		9FF9081E28C3E38000E5EA51 /* EightLetterWords.swift */ = {isa = PBXFileReference; lastKnownFileType = sourcecode.swift; path = EightLetterWords.swift; sourceTree = "<group>"; };
		9FF9082028C3E39800E5EA51 /* SevenLetterWords.swift */ = {isa = PBXFileReference; lastKnownFileType = sourcecode.swift; path = SevenLetterWords.swift; sourceTree = "<group>"; };
		9FF9082228C3E3B300E5EA51 /* SixLetterWords.swift */ = {isa = PBXFileReference; lastKnownFileType = sourcecode.swift; path = SixLetterWords.swift; sourceTree = "<group>"; };
		9FF9082428C3E3D200E5EA51 /* FiveLetterWords.swift */ = {isa = PBXFileReference; lastKnownFileType = sourcecode.swift; path = FiveLetterWords.swift; sourceTree = "<group>"; };
		9FF9082628C3E3E100E5EA51 /* KeyboardLetters.swift */ = {isa = PBXFileReference; lastKnownFileType = sourcecode.swift; path = KeyboardLetters.swift; sourceTree = "<group>"; };
		9FF9082828C3E40F00E5EA51 /* Round.swift */ = {isa = PBXFileReference; lastKnownFileType = sourcecode.swift; path = Round.swift; sourceTree = "<group>"; };
		9FF9082A28C3E42C00E5EA51 /* GameManager.swift */ = {isa = PBXFileReference; lastKnownFileType = sourcecode.swift; path = GameManager.swift; sourceTree = "<group>"; };
		9FF9082C28C3E43700E5EA51 /* AppManager.swift */ = {isa = PBXFileReference; lastKnownFileType = sourcecode.swift; path = AppManager.swift; sourceTree = "<group>"; };
		9FF9082E28C3E47D00E5EA51 /* OnboardingView.swift */ = {isa = PBXFileReference; lastKnownFileType = sourcecode.swift; path = OnboardingView.swift; sourceTree = "<group>"; };
		9FF9083228C3E4B600E5EA51 /* EndRoundButtons.swift */ = {isa = PBXFileReference; lastKnownFileType = sourcecode.swift; path = EndRoundButtons.swift; sourceTree = "<group>"; };
		9FF9083428C3E4C300E5EA51 /* ResultsView.swift */ = {isa = PBXFileReference; lastKnownFileType = sourcecode.swift; path = ResultsView.swift; sourceTree = "<group>"; };
		9FF9083628C3E4D800E5EA51 /* RoundResultsSheet.swift */ = {isa = PBXFileReference; lastKnownFileType = sourcecode.swift; path = RoundResultsSheet.swift; sourceTree = "<group>"; };
		9FF9083828C3E4ED00E5EA51 /* PuzzleGrid.swift */ = {isa = PBXFileReference; lastKnownFileType = sourcecode.swift; path = PuzzleGrid.swift; sourceTree = "<group>"; };
		9FF9083A28C3E4FB00E5EA51 /* PuzzleLetter.swift */ = {isa = PBXFileReference; lastKnownFileType = sourcecode.swift; path = PuzzleLetter.swift; sourceTree = "<group>"; };
		9FF9083C28C3E50900E5EA51 /* PuzzleRow.swift */ = {isa = PBXFileReference; lastKnownFileType = sourcecode.swift; path = PuzzleRow.swift; sourceTree = "<group>"; };
		9FF9083E28C3E54200E5EA51 /* CustomKeyboard.swift */ = {isa = PBXFileReference; lastKnownFileType = sourcecode.swift; path = CustomKeyboard.swift; sourceTree = "<group>"; };
		9FF9084028C3E54F00E5EA51 /* KeyboardDelete.swift */ = {isa = PBXFileReference; lastKnownFileType = sourcecode.swift; path = KeyboardDelete.swift; sourceTree = "<group>"; };
		9FF9084228C3E55F00E5EA51 /* KeyboardEnter.swift */ = {isa = PBXFileReference; lastKnownFileType = sourcecode.swift; path = KeyboardEnter.swift; sourceTree = "<group>"; };
		9FF9084428C3E56D00E5EA51 /* KeyboardLetter.swift */ = {isa = PBXFileReference; lastKnownFileType = sourcecode.swift; path = KeyboardLetter.swift; sourceTree = "<group>"; };
		9FF9084628C3E59700E5EA51 /* ThemingExtensions.swift */ = {isa = PBXFileReference; lastKnownFileType = sourcecode.swift; path = ThemingExtensions.swift; sourceTree = "<group>"; };
		9FF9084828C3E5AE00E5EA51 /* SettingsSheet.swift */ = {isa = PBXFileReference; lastKnownFileType = sourcecode.swift; path = SettingsSheet.swift; sourceTree = "<group>"; };
		9FF9084A28C3E5BC00E5EA51 /* AboutView.swift */ = {isa = PBXFileReference; lastKnownFileType = sourcecode.swift; path = AboutView.swift; sourceTree = "<group>"; };
		9FF9084C28C3E5C800E5EA51 /* ProfileView.swift */ = {isa = PBXFileReference; lastKnownFileType = sourcecode.swift; path = ProfileView.swift; sourceTree = "<group>"; };
		9FF9084E28C3E5D700E5EA51 /* StatsView.swift */ = {isa = PBXFileReference; lastKnownFileType = sourcecode.swift; path = StatsView.swift; sourceTree = "<group>"; };
/* End PBXFileReference section */

/* Begin PBXFrameworksBuildPhase section */
		9FF9080228C3E2D700E5EA51 /* Frameworks */ = {
			isa = PBXFrameworksBuildPhase;
			buildActionMask = 2147483647;
			files = (
			);
			runOnlyForDeploymentPostprocessing = 0;
		};
/* End PBXFrameworksBuildPhase section */

/* Begin PBXGroup section */
		9FF907FC28C3E2D700E5EA51 = {
			isa = PBXGroup;
			children = (
				9FF9080728C3E2D700E5EA51 /* Endless Multi Wordle */,
				9FF9080628C3E2D700E5EA51 /* Products */,
			);
			sourceTree = "<group>";
		};
		9FF9080628C3E2D700E5EA51 /* Products */ = {
			isa = PBXGroup;
			children = (
				9FF9080528C3E2D700E5EA51 /* Endless Multi Wordle.app */,
			);
			name = Products;
			sourceTree = "<group>";
		};
		9FF9080728C3E2D700E5EA51 /* Endless Multi Wordle */ = {
			isa = PBXGroup;
			children = (
				9FF9080828C3E2D700E5EA51 /* Endless_Multi_WordleApp.swift */,
				9FF9081828C3E30B00E5EA51 /* Data Models */,
				9FF9081728C3E2FF00E5EA51 /* Views */,
				9FF9081928C3E31A00E5EA51 /* WordBanks */,
				9FF9081628C3E2EA00E5EA51 /* Endless Multi Wordle.md */,
				9FF9080C28C3E2D800E5EA51 /* Assets.xcassets */,
				9FF9080E28C3E2D800E5EA51 /* Preview Content */,
			);
			path = "Endless Multi Wordle";
			sourceTree = "<group>";
		};
		9FF9080E28C3E2D800E5EA51 /* Preview Content */ = {
			isa = PBXGroup;
			children = (
				9FF9080F28C3E2D800E5EA51 /* Preview Assets.xcassets */,
			);
			path = "Preview Content";
			sourceTree = "<group>";
		};
		9FF9081728C3E2FF00E5EA51 /* Views */ = {
			isa = PBXGroup;
			children = (
				9FF9080A28C3E2D700E5EA51 /* ContentView.swift */,
				9FF9082E28C3E47D00E5EA51 /* OnboardingView.swift */,
				9FF9084628C3E59700E5EA51 /* ThemingExtensions.swift */,
				9FF9081D28C3E36500E5EA51 /* End of Round State */,
				9FF9081A28C3E33300E5EA51 /* PuzzleGrid */,
				9FF9081B28C3E34500E5EA51 /* Keyboard */,
				9FF9081C28C3E35700E5EA51 /* Settings */,
			);
			name = Views;
			sourceTree = "<group>";
		};
		9FF9081828C3E30B00E5EA51 /* Data Models */ = {
			isa = PBXGroup;
			children = (
				9FF9082828C3E40F00E5EA51 /* Round.swift */,
				9FF9082A28C3E42C00E5EA51 /* GameManager.swift */,
				9FF9082C28C3E43700E5EA51 /* AppManager.swift */,
			);
			path = "Data Models";
			sourceTree = "<group>";
		};
		9FF9081928C3E31A00E5EA51 /* WordBanks */ = {
			isa = PBXGroup;
			children = (
				9FF9081E28C3E38000E5EA51 /* EightLetterWords.swift */,
				9FF9082028C3E39800E5EA51 /* SevenLetterWords.swift */,
				9FF9082228C3E3B300E5EA51 /* SixLetterWords.swift */,
				9FF9082428C3E3D200E5EA51 /* FiveLetterWords.swift */,
				9FF9082628C3E3E100E5EA51 /* KeyboardLetters.swift */,
			);
			path = WordBanks;
			sourceTree = "<group>";
		};
		9FF9081A28C3E33300E5EA51 /* PuzzleGrid */ = {
			isa = PBXGroup;
			children = (
				9FF9083828C3E4ED00E5EA51 /* PuzzleGrid.swift */,
				9FF9083A28C3E4FB00E5EA51 /* PuzzleLetter.swift */,
				9FF9083C28C3E50900E5EA51 /* PuzzleRow.swift */,
			);
			path = PuzzleGrid;
			sourceTree = "<group>";
		};
		9FF9081B28C3E34500E5EA51 /* Keyboard */ = {
			isa = PBXGroup;
			children = (
				9FF9083E28C3E54200E5EA51 /* CustomKeyboard.swift */,
				9FF9084028C3E54F00E5EA51 /* KeyboardDelete.swift */,
				9FF9084228C3E55F00E5EA51 /* KeyboardEnter.swift */,
				9FF9084428C3E56D00E5EA51 /* KeyboardLetter.swift */,
			);
			path = Keyboard;
			sourceTree = "<group>";
		};
		9FF9081C28C3E35700E5EA51 /* Settings */ = {
			isa = PBXGroup;
			children = (
				9FF9084828C3E5AE00E5EA51 /* SettingsSheet.swift */,
				9FF9084A28C3E5BC00E5EA51 /* AboutView.swift */,
				9FF9084C28C3E5C800E5EA51 /* ProfileView.swift */,
				9FF9084E28C3E5D700E5EA51 /* StatsView.swift */,
			);
			name = Settings;
			path = Keyboard;
			sourceTree = "<group>";
		};
		9FF9081D28C3E36500E5EA51 /* End of Round State */ = {
			isa = PBXGroup;
			children = (
				9FF9083228C3E4B600E5EA51 /* EndRoundButtons.swift */,
				9FF9083428C3E4C300E5EA51 /* ResultsView.swift */,
				9FF9083628C3E4D800E5EA51 /* RoundResultsSheet.swift */,
			);
			name = "End of Round State";
			sourceTree = "<group>";
		};
/* End PBXGroup section */

/* Begin PBXNativeTarget section */
		9FF9080428C3E2D700E5EA51 /* Endless Multi Wordle */ = {
			isa = PBXNativeTarget;
			buildConfigurationList = 9FF9081328C3E2D800E5EA51 /* Build configuration list for PBXNativeTarget "Endless Multi Wordle" */;
			buildPhases = (
				9FF9080128C3E2D700E5EA51 /* Sources */,
				9FF9080228C3E2D700E5EA51 /* Frameworks */,
				9FF9080328C3E2D700E5EA51 /* Resources */,
			);
			buildRules = (
			);
			dependencies = (
			);
			name = "Endless Multi Wordle";
			productName = "Endless Multi Wordle";
			productReference = 9FF9080528C3E2D700E5EA51 /* Endless Multi Wordle.app */;
			productType = "com.apple.product-type.application";
		};
/* End PBXNativeTarget section */

/* Begin PBXProject section */
		9FF907FD28C3E2D700E5EA51 /* Project object */ = {
			isa = PBXProject;
			attributes = {
				BuildIndependentTargetsInParallel = 1;
				LastSwiftUpdateCheck = 1400;
				LastUpgradeCheck = 1400;
				TargetAttributes = {
					9FF9080428C3E2D700E5EA51 = {
						CreatedOnToolsVersion = 14.0;
					};
				};
			};
			buildConfigurationList = 9FF9080028C3E2D700E5EA51 /* Build configuration list for PBXProject "Endless Multi Wordle" */;
			compatibilityVersion = "Xcode 14.0";
			developmentRegion = en;
			hasScannedForEncodings = 0;
			knownRegions = (
				en,
				Base,
			);
			mainGroup = 9FF907FC28C3E2D700E5EA51;
			productRefGroup = 9FF9080628C3E2D700E5EA51 /* Products */;
			projectDirPath = "";
			projectRoot = "";
			targets = (
				9FF9080428C3E2D700E5EA51 /* Endless Multi Wordle */,
			);
		};
/* End PBXProject section */

/* Begin PBXResourcesBuildPhase section */
		9FF9080328C3E2D700E5EA51 /* Resources */ = {
			isa = PBXResourcesBuildPhase;
			buildActionMask = 2147483647;
			files = (
				9FF9081028C3E2D800E5EA51 /* Preview Assets.xcassets in Resources */,
				9FF9080D28C3E2D800E5EA51 /* Assets.xcassets in Resources */,
			);
			runOnlyForDeploymentPostprocessing = 0;
		};
/* End PBXResourcesBuildPhase section */

/* Begin PBXSourcesBuildPhase section */
		9FF9080128C3E2D700E5EA51 /* Sources */ = {
			isa = PBXSourcesBuildPhase;
			buildActionMask = 2147483647;
			files = (
				9FF9084128C3E54F00E5EA51 /* KeyboardDelete.swift in Sources */,
				9FF9084328C3E55F00E5EA51 /* KeyboardEnter.swift in Sources */,
				9FF9084728C3E59700E5EA51 /* ThemingExtensions.swift in Sources */,
				9FF9082728C3E3E200E5EA51 /* KeyboardLetters.swift in Sources */,
				9FF9082D28C3E43700E5EA51 /* AppManager.swift in Sources */,
				9FF9083528C3E4C300E5EA51 /* ResultsView.swift in Sources */,
				9FF9083728C3E4D800E5EA51 /* RoundResultsSheet.swift in Sources */,
				9FF9084D28C3E5C800E5EA51 /* ProfileView.swift in Sources */,
				9FF9083328C3E4B600E5EA51 /* EndRoundButtons.swift in Sources */,
				9FF9082B28C3E42C00E5EA51 /* GameManager.swift in Sources */,
				9FF9081F28C3E38000E5EA51 /* EightLetterWords.swift in Sources */,
				9FF9083D28C3E50900E5EA51 /* PuzzleRow.swift in Sources */,
				9FF9083B28C3E4FB00E5EA51 /* PuzzleLetter.swift in Sources */,
				9FF9083F28C3E54200E5EA51 /* CustomKeyboard.swift in Sources */,
				9FF9082528C3E3D200E5EA51 /* FiveLetterWords.swift in Sources */,
				9FF9082328C3E3B300E5EA51 /* SixLetterWords.swift in Sources */,
				9FF9084528C3E56D00E5EA51 /* KeyboardLetter.swift in Sources */,
				9FF9084B28C3E5BC00E5EA51 /* AboutView.swift in Sources */,
				9FF9082128C3E39800E5EA51 /* SevenLetterWords.swift in Sources */,
				9FF9080B28C3E2D700E5EA51 /* ContentView.swift in Sources */,
				9FF9083928C3E4ED00E5EA51 /* PuzzleGrid.swift in Sources */,
				9FF9082928C3E40F00E5EA51 /* Round.swift in Sources */,
				9FF9084F28C3E5D700E5EA51 /* StatsView.swift in Sources */,
				9FF9080928C3E2D700E5EA51 /* Endless_Multi_WordleApp.swift in Sources */,
				9FF9084928C3E5AE00E5EA51 /* SettingsSheet.swift in Sources */,
				9FF9082F28C3E47D00E5EA51 /* OnboardingView.swift in Sources */,
			);
			runOnlyForDeploymentPostprocessing = 0;
		};
/* End PBXSourcesBuildPhase section */

/* Begin XCBuildConfiguration section */
		9FF9081128C3E2D800E5EA51 /* Debug */ = {
			isa = XCBuildConfiguration;
			buildSettings = {
				ALWAYS_SEARCH_USER_PATHS = NO;
				CLANG_ANALYZER_NONNULL = YES;
				CLANG_ANALYZER_NUMBER_OBJECT_CONVERSION = YES_AGGRESSIVE;
				CLANG_CXX_LANGUAGE_STANDARD = "gnu++20";
				CLANG_ENABLE_MODULES = YES;
				CLANG_ENABLE_OBJC_ARC = YES;
				CLANG_ENABLE_OBJC_WEAK = YES;
				CLANG_WARN_BLOCK_CAPTURE_AUTORELEASING = YES;
				CLANG_WARN_BOOL_CONVERSION = YES;
				CLANG_WARN_COMMA = YES;
				CLANG_WARN_CONSTANT_CONVERSION = YES;
				CLANG_WARN_DEPRECATED_OBJC_IMPLEMENTATIONS = YES;
				CLANG_WARN_DIRECT_OBJC_ISA_USAGE = YES_ERROR;
				CLANG_WARN_DOCUMENTATION_COMMENTS = YES;
				CLANG_WARN_EMPTY_BODY = YES;
				CLANG_WARN_ENUM_CONVERSION = YES;
				CLANG_WARN_INFINITE_RECURSION = YES;
				CLANG_WARN_INT_CONVERSION = YES;
				CLANG_WARN_NON_LITERAL_NULL_CONVERSION = YES;
				CLANG_WARN_OBJC_IMPLICIT_RETAIN_SELF = YES;
				CLANG_WARN_OBJC_LITERAL_CONVERSION = YES;
				CLANG_WARN_OBJC_ROOT_CLASS = YES_ERROR;
				CLANG_WARN_QUOTED_INCLUDE_IN_FRAMEWORK_HEADER = YES;
				CLANG_WARN_RANGE_LOOP_ANALYSIS = YES;
				CLANG_WARN_STRICT_PROTOTYPES = YES;
				CLANG_WARN_SUSPICIOUS_MOVE = YES;
				CLANG_WARN_UNGUARDED_AVAILABILITY = YES_AGGRESSIVE;
				CLANG_WARN_UNREACHABLE_CODE = YES;
				CLANG_WARN__DUPLICATE_METHOD_MATCH = YES;
				COPY_PHASE_STRIP = NO;
				DEBUG_INFORMATION_FORMAT = dwarf;
				ENABLE_STRICT_OBJC_MSGSEND = YES;
				ENABLE_TESTABILITY = YES;
				GCC_C_LANGUAGE_STANDARD = gnu11;
				GCC_DYNAMIC_NO_PIC = NO;
				GCC_NO_COMMON_BLOCKS = YES;
				GCC_OPTIMIZATION_LEVEL = 0;
				GCC_PREPROCESSOR_DEFINITIONS = (
					"DEBUG=1",
					"$(inherited)",
				);
				GCC_WARN_64_TO_32_BIT_CONVERSION = YES;
				GCC_WARN_ABOUT_RETURN_TYPE = YES_ERROR;
				GCC_WARN_UNDECLARED_SELECTOR = YES;
				GCC_WARN_UNINITIALIZED_AUTOS = YES_AGGRESSIVE;
				GCC_WARN_UNUSED_FUNCTION = YES;
				GCC_WARN_UNUSED_VARIABLE = YES;
				IPHONEOS_DEPLOYMENT_TARGET = 16.0;
				MTL_ENABLE_DEBUG_INFO = INCLUDE_SOURCE;
				MTL_FAST_MATH = YES;
				ONLY_ACTIVE_ARCH = YES;
				SDKROOT = iphoneos;
				SWIFT_ACTIVE_COMPILATION_CONDITIONS = DEBUG;
				SWIFT_OPTIMIZATION_LEVEL = "-Onone";
			};
			name = Debug;
		};
		9FF9081228C3E2D800E5EA51 /* Release */ = {
			isa = XCBuildConfiguration;
			buildSettings = {
				ALWAYS_SEARCH_USER_PATHS = NO;
				CLANG_ANALYZER_NONNULL = YES;
				CLANG_ANALYZER_NUMBER_OBJECT_CONVERSION = YES_AGGRESSIVE;
				CLANG_CXX_LANGUAGE_STANDARD = "gnu++20";
				CLANG_ENABLE_MODULES = YES;
				CLANG_ENABLE_OBJC_ARC = YES;
				CLANG_ENABLE_OBJC_WEAK = YES;
				CLANG_WARN_BLOCK_CAPTURE_AUTORELEASING = YES;
				CLANG_WARN_BOOL_CONVERSION = YES;
				CLANG_WARN_COMMA = YES;
				CLANG_WARN_CONSTANT_CONVERSION = YES;
				CLANG_WARN_DEPRECATED_OBJC_IMPLEMENTATIONS = YES;
				CLANG_WARN_DIRECT_OBJC_ISA_USAGE = YES_ERROR;
				CLANG_WARN_DOCUMENTATION_COMMENTS = YES;
				CLANG_WARN_EMPTY_BODY = YES;
				CLANG_WARN_ENUM_CONVERSION = YES;
				CLANG_WARN_INFINITE_RECURSION = YES;
				CLANG_WARN_INT_CONVERSION = YES;
				CLANG_WARN_NON_LITERAL_NULL_CONVERSION = YES;
				CLANG_WARN_OBJC_IMPLICIT_RETAIN_SELF = YES;
				CLANG_WARN_OBJC_LITERAL_CONVERSION = YES;
				CLANG_WARN_OBJC_ROOT_CLASS = YES_ERROR;
				CLANG_WARN_QUOTED_INCLUDE_IN_FRAMEWORK_HEADER = YES;
				CLANG_WARN_RANGE_LOOP_ANALYSIS = YES;
				CLANG_WARN_STRICT_PROTOTYPES = YES;
				CLANG_WARN_SUSPICIOUS_MOVE = YES;
				CLANG_WARN_UNGUARDED_AVAILABILITY = YES_AGGRESSIVE;
				CLANG_WARN_UNREACHABLE_CODE = YES;
				CLANG_WARN__DUPLICATE_METHOD_MATCH = YES;
				COPY_PHASE_STRIP = NO;
				DEBUG_INFORMATION_FORMAT = "dwarf-with-dsym";
				ENABLE_NS_ASSERTIONS = NO;
				ENABLE_STRICT_OBJC_MSGSEND = YES;
				GCC_C_LANGUAGE_STANDARD = gnu11;
				GCC_NO_COMMON_BLOCKS = YES;
				GCC_WARN_64_TO_32_BIT_CONVERSION = YES;
				GCC_WARN_ABOUT_RETURN_TYPE = YES_ERROR;
				GCC_WARN_UNDECLARED_SELECTOR = YES;
				GCC_WARN_UNINITIALIZED_AUTOS = YES_AGGRESSIVE;
				GCC_WARN_UNUSED_FUNCTION = YES;
				GCC_WARN_UNUSED_VARIABLE = YES;
				IPHONEOS_DEPLOYMENT_TARGET = 16.0;
				MTL_ENABLE_DEBUG_INFO = NO;
				MTL_FAST_MATH = YES;
				SDKROOT = iphoneos;
				SWIFT_COMPILATION_MODE = wholemodule;
				SWIFT_OPTIMIZATION_LEVEL = "-O";
				VALIDATE_PRODUCT = YES;
			};
			name = Release;
		};
		9FF9081428C3E2D800E5EA51 /* Debug */ = {
			isa = XCBuildConfiguration;
			buildSettings = {
				ASSETCATALOG_COMPILER_APPICON_NAME = AppIcon;
				ASSETCATALOG_COMPILER_GLOBAL_ACCENT_COLOR_NAME = AccentColor;
				CODE_SIGN_STYLE = Automatic;
				CURRENT_PROJECT_VERSION = 1;
				DEVELOPMENT_ASSET_PATHS = "\"Endless Multi Wordle/Preview Content\"";
				DEVELOPMENT_TEAM = LMHZGAK89Q;
				ENABLE_PREVIEWS = YES;
				GENERATE_INFOPLIST_FILE = YES;
				INFOPLIST_KEY_UIApplicationSceneManifest_Generation = YES;
				INFOPLIST_KEY_UIApplicationSupportsIndirectInputEvents = YES;
				INFOPLIST_KEY_UILaunchScreen_Generation = YES;
				INFOPLIST_KEY_UISupportedInterfaceOrientations_iPad = "UIInterfaceOrientationPortrait UIInterfaceOrientationPortraitUpsideDown UIInterfaceOrientationLandscapeLeft UIInterfaceOrientationLandscapeRight";
				INFOPLIST_KEY_UISupportedInterfaceOrientations_iPhone = "UIInterfaceOrientationPortrait UIInterfaceOrientationLandscapeLeft UIInterfaceOrientationLandscapeRight";
				LD_RUNPATH_SEARCH_PATHS = (
					"$(inherited)",
					"@executable_path/Frameworks",
				);
				MARKETING_VERSION = 1.0;
				PRODUCT_BUNDLE_IDENTIFIER = "macRefinery.Endless-Multi-Wordle";
				PRODUCT_NAME = "$(TARGET_NAME)";
				SWIFT_EMIT_LOC_STRINGS = YES;
				SWIFT_VERSION = 5.0;
				TARGETED_DEVICE_FAMILY = "1,2";
			};
			name = Debug;
		};
		9FF9081528C3E2D800E5EA51 /* Release */ = {
			isa = XCBuildConfiguration;
			buildSettings = {
				ASSETCATALOG_COMPILER_APPICON_NAME = AppIcon;
				ASSETCATALOG_COMPILER_GLOBAL_ACCENT_COLOR_NAME = AccentColor;
				CODE_SIGN_STYLE = Automatic;
				CURRENT_PROJECT_VERSION = 1;
				DEVELOPMENT_ASSET_PATHS = "\"Endless Multi Wordle/Preview Content\"";
				DEVELOPMENT_TEAM = LMHZGAK89Q;
				ENABLE_PREVIEWS = YES;
				GENERATE_INFOPLIST_FILE = YES;
				INFOPLIST_KEY_UIApplicationSceneManifest_Generation = YES;
				INFOPLIST_KEY_UIApplicationSupportsIndirectInputEvents = YES;
				INFOPLIST_KEY_UILaunchScreen_Generation = YES;
				INFOPLIST_KEY_UISupportedInterfaceOrientations_iPad = "UIInterfaceOrientationPortrait UIInterfaceOrientationPortraitUpsideDown UIInterfaceOrientationLandscapeLeft UIInterfaceOrientationLandscapeRight";
				INFOPLIST_KEY_UISupportedInterfaceOrientations_iPhone = "UIInterfaceOrientationPortrait UIInterfaceOrientationLandscapeLeft UIInterfaceOrientationLandscapeRight";
				LD_RUNPATH_SEARCH_PATHS = (
					"$(inherited)",
					"@executable_path/Frameworks",
				);
				MARKETING_VERSION = 1.0;
				PRODUCT_BUNDLE_IDENTIFIER = "macRefinery.Endless-Multi-Wordle";
				PRODUCT_NAME = "$(TARGET_NAME)";
				SWIFT_EMIT_LOC_STRINGS = YES;
				SWIFT_VERSION = 5.0;
				TARGETED_DEVICE_FAMILY = "1,2";
			};
			name = Release;
		};
/* End XCBuildConfiguration section */

/* Begin XCConfigurationList section */
		9FF9080028C3E2D700E5EA51 /* Build configuration list for PBXProject "Endless Multi Wordle" */ = {
			isa = XCConfigurationList;
			buildConfigurations = (
				9FF9081128C3E2D800E5EA51 /* Debug */,
				9FF9081228C3E2D800E5EA51 /* Release */,
			);
			defaultConfigurationIsVisible = 0;
			defaultConfigurationName = Release;
		};
		9FF9081328C3E2D800E5EA51 /* Build configuration list for PBXNativeTarget "Endless Multi Wordle" */ = {
			isa = XCConfigurationList;
			buildConfigurations = (
				9FF9081428C3E2D800E5EA51 /* Debug */,
				9FF9081528C3E2D800E5EA51 /* Release */,
			);
			defaultConfigurationIsVisible = 0;
			defaultConfigurationName = Release;
		};
/* End XCConfigurationList section */
	};
	rootObject = 9FF907FD28C3E2D700E5EA51 /* Project object */;
}
